
Microsoft Visual Studio Solution File, Format Version 12.00
# Visual Studio Version 17
VisualStudioVersion = 17.5.33209.295
MinimumVisualStudioVersion = 10.0.40219.1
Project("{FAE04EC0-301F-11D3-BF4B-00C04F79EFBC}") = "oervmariatrost-kursbuch", "oervmariatrost-kursbuch.csproj", "{2A4D3CF0-E029-4F72-B102-CD3A1CB60BC1}"
EndProject
Global
	GlobalSection(SolutionConfigurationPlatforms) = preSolution
		Debug|Any CPU = Debug|Any CPU
		Release|Any CPU = Release|Any CPU
	EndGlobalSection
	GlobalSection(ProjectConfigurationPlatforms) = postSolution
		{2A4D3CF0-E029-4F72-B102-CD3A1CB60BC1}.Debug|Any CPU.ActiveCfg = Debug|Any CPU
		{2A4D3CF0-E029-4F72-B102-CD3A1CB60BC1}.Debug|Any CPU.Build.0 = Debug|Any CPU
		{2A4D3CF0-E029-4F72-B102-CD3A1CB60BC1}.Release|Any CPU.ActiveCfg = Release|Any CPU
		{2A4D3CF0-E029-4F72-B102-CD3A1CB60BC1}.Release|Any CPU.Build.0 = Release|Any CPU
	EndGlobalSection
	GlobalSection(SolutionProperties) = preSolution
		HideSolutionNode = FALSE
	EndGlobalSection
	GlobalSection(ExtensibilityGlobals) = postSolution
		SolutionGuid = {2BA672B6-35FC-469A-9490-5D7430A16BE8}
	EndGlobalSection
EndGlobal
